
Microsoft Visual Studio Solution File, Format Version 12.00
# Visual Studio Version 17
VisualStudioVersion = 17.8.34330.188
MinimumVisualStudioVersion = 10.0.40219.1
Project("{FAE04EC0-301F-11D3-BF4B-00C04F79EFBC}") = "DataGrid", "DataGrid.csproj", "{B2F2D24C-58B2-42AD-B109-C9B06AD18724}"
EndProject
Global
	GlobalSection(SolutionConfigurationPlatforms) = preSolution
		Debug|Any CPU = Debug|Any CPU
		Release|Any CPU = Release|Any CPU
	EndGlobalSection
	GlobalSection(ProjectConfigurationPlatforms) = postSolution
		{B2F2D24C-58B2-42AD-B109-C9B06AD18724}.Debug|Any CPU.ActiveCfg = Debug|Any CPU
		{B2F2D24C-58B2-42AD-B109-C9B06AD18724}.Debug|Any CPU.Build.0 = Debug|Any CPU
		{B2F2D24C-58B2-42AD-B109-C9B06AD18724}.Release|Any CPU.ActiveCfg = Release|Any CPU
		{B2F2D24C-58B2-42AD-B109-C9B06AD18724}.Release|Any CPU.Build.0 = Release|Any CPU
	EndGlobalSection
	GlobalSection(SolutionProperties) = preSolution
		HideSolutionNode = FALSE
	EndGlobalSection
	GlobalSection(ExtensibilityGlobals) = postSolution
		SolutionGuid = {16F767A9-D1A1-4A6D-B23E-AAF197050872}
	EndGlobalSection
EndGlobal
